# This file is generated by running "yarn install" inside your project.
# Manual changes might be lost - proceed with caution!

__metadata:
  version: 6
  cacheKey: 8

"@biomejs/biome@npm:^2.3.14":
  version: 2.3.14
  resolution: "@biomejs/biome@npm:2.3.14"
  dependencies:
    "@biomejs/cli-darwin-arm64": 2.3.14
    "@biomejs/cli-darwin-x64": 2.3.14
    "@biomejs/cli-linux-arm64": 2.3.14
    "@biomejs/cli-linux-arm64-musl": 2.3.14
    "@biomejs/cli-linux-x64": 2.3.14
    "@biomejs/cli-linux-x64-musl": 2.3.14
    "@biomejs/cli-win32-arm64": 2.3.14
    "@biomejs/cli-win32-x64": 2.3.14
  dependenciesMeta:
    "@biomejs/cli-darwin-arm64":
      optional: true
    "@biomejs/cli-darwin-x64":
      optional: true
    "@biomejs/cli-linux-arm64":
      optional: true
    "@biomejs/cli-linux-arm64-musl":
      optional: true
    "@biomejs/cli-linux-x64":
      optional: true
    "@biomejs/cli-linux-x64-musl":
      optional: true
    "@biomejs/cli-win32-arm64":
      optional: true
    "@biomejs/cli-win32-x64":
      optional: true
  bin:
    biome: bin/biome
  checksum: 05bc8b81e5c9f0b395e40cbcf2d0645776100fb9d10e5cebbadd9c5290fa8f05948c4bb1f685c65e9b4a9ad9d70a2320ab387a3a53d59818328a49ecb73b6cf8
  languageName: node
  linkType: hard

"@biomejs/cli-darwin-arm64@npm:2.3.14":
  version: 2.3.14
  resolution: "@biomejs/cli-darwin-arm64@npm:2.3.14"
  conditions: os=darwin & cpu=arm64
  languageName: node
  linkType: hard

"@biomejs/cli-darwin-x64@npm:2.3.14":
  version: 2.3.14
  resolution: "@biomejs/cli-darwin-x64@npm:2.3.14"
  conditions: os=darwin & cpu=x64
  languageName: node
  linkType: hard

"@biomejs/cli-linux-arm64-musl@npm:2.3.14":
  version: 2.3.14
  resolution: "@biomejs/cli-linux-arm64-musl@npm:2.3.14"
  conditions: os=linux & cpu=arm64 & libc=musl
  languageName: node
  linkType: hard

"@biomejs/cli-linux-arm64@npm:2.3.14":
  version: 2.3.14
  resolution: "@biomejs/cli-linux-arm64@npm:2.3.14"
  conditions: os=linux & cpu=arm64 & libc=glibc
  languageName: node
  linkType: hard

"@biomejs/cli-linux-x64-musl@npm:2.3.14":
  version: 2.3.14
  resolution: "@biomejs/cli-linux-x64-musl@npm:2.3.14"
  conditions: os=linux & cpu=x64 & libc=musl
  languageName: node
  linkType: hard

"@biomejs/cli-linux-x64@npm:2.3.14":
  version: 2.3.14
  resolution: "@biomejs/cli-linux-x64@npm:2.3.14"
  conditions: os=linux & cpu=x64 & libc=glibc
  languageName: node
  linkType: hard

"@biomejs/cli-win32-arm64@npm:2.3.14":
  version: 2.3.14
  resolution: "@biomejs/cli-win32-arm64@npm:2.3.14"
  conditions: os=win32 & cpu=arm64
  languageName: node
  linkType: hard

"@biomejs/cli-win32-x64@npm:2.3.14":
  version: 2.3.14
  resolution: "@biomejs/cli-win32-x64@npm:2.3.14"
  conditions: os=win32 & cpu=x64
  languageName: node
  linkType: hard

"@types/node@npm:^22.10.2":
  version: 22.19.11
  resolution: "@types/node@npm:22.19.11"
  dependencies:
    undici-types: ~6.21.0
  checksum: b64703389fa4648a8ac7bce44902dbef9a4c46b91cce1e951d01d6df23dbb0579c3d765f0d00e9053425e21ed9a30890668506ec0bae98c5c29cc978d45ced1f
  languageName: node
  linkType: hard

"git-tool@workspace:.":
  version: 0.0.0-use.local
  resolution: "git-tool@workspace:."
  dependencies:
    "@biomejs/biome": ^2.3.14
    "@types/node": ^22.10.2
    typescript: ^5.7.2
  languageName: unknown
  linkType: soft

"typescript@npm:^5.7.2":
  version: 5.9.3
  resolution: "typescript@npm:5.9.3"
  bin:
    tsc: bin/tsc
    tsserver: bin/tsserver
  checksum: 0d0ffb84f2cd072c3e164c79a2e5a1a1f4f168e84cb2882ff8967b92afe1def6c2a91f6838fb58b168428f9458c57a2ba06a6737711fdd87a256bbe83e9a217f
  languageName: node
  linkType: hard

"typescript@patch:typescript@^5.7.2#~builtin<compat/typescript>":
  version: 5.9.3
  resolution: "typescript@patch:typescript@npm%3A5.9.3#~builtin<compat/typescript>::version=5.9.3&hash=14eedb"
  bin:
    tsc: bin/tsc
    tsserver: bin/tsserver
  checksum: 8bb8d86819ac86a498eada254cad7fb69c5f74778506c700c2a712daeaff21d3a6f51fd0d534fe16903cb010d1b74f89437a3d02d4d0ff5ca2ba9a4660de8497
  languageName: node
  linkType: hard

"undici-types@npm:~6.21.0":
  version: 6.21.0
  resolution: "undici-types@npm:6.21.0"
  checksum: 46331c7d6016bf85b3e8f20c159d62f5ae471aba1eb3dc52fff35a0259d58dcc7d592d4cc4f00c5f9243fa738a11cfa48bd20203040d4a9e6bc25e807fab7ab3
  languageName: node
  linkType: hard
